// !$*UTF8*$!
{
	archiveVersion = 1;
	classes = {
	};
	objectVersion = 56;
	objects = {

/* Begin PBXBuildFile section */
		F87E5C102982F3E7003C5B2A /* TitleViewModel.swift in Sources */ = {isa = PBXBuildFile; fileRef = F87E5C0F2982F3E7003C5B2A /* TitleViewModel.swift */; };
		F87E5C1229858ADA003C5B2A /* SearchResultsVC.swift in Sources */ = {isa = PBXBuildFile; fileRef = F87E5C1129858ADA003C5B2A /* SearchResultsVC.swift */; };
		F8B78854297D3B6C00040E00 /* APICaller.swift in Sources */ = {isa = PBXBuildFile; fileRef = F8B78853297D3B6C00040E00 /* APICaller.swift */; };
		F8B78856297D490000040E00 /* Title.swift in Sources */ = {isa = PBXBuildFile; fileRef = F8B78855297D490000040E00 /* Title.swift */; };
		F8B78858297D530200040E00 /* Extensions.swift in Sources */ = {isa = PBXBuildFile; fileRef = F8B78857297D530200040E00 /* Extensions.swift */; };
		F8B7885C297DB52100040E00 /* TitleCollectionViewCell.swift in Sources */ = {isa = PBXBuildFile; fileRef = F8B7885B297DB52100040E00 /* TitleCollectionViewCell.swift */; };
		F8B7885F297DB65B00040E00 /* SDWebImage in Frameworks */ = {isa = PBXBuildFile; productRef = F8B7885E297DB65B00040E00 /* SDWebImage */; };
		F8B78861297DB65B00040E00 /* SDWebImageMapKit in Frameworks */ = {isa = PBXBuildFile; productRef = F8B78860297DB65B00040E00 /* SDWebImageMapKit */; };
		F8B788632981BF2900040E00 /* TitleTableViewCell.swift in Sources */ = {isa = PBXBuildFile; fileRef = F8B788622981BF2900040E00 /* TitleTableViewCell.swift */; };
		F8BD524E29743D6100CF3629 /* AppDelegate.swift in Sources */ = {isa = PBXBuildFile; fileRef = F8BD524D29743D6100CF3629 /* AppDelegate.swift */; };
		F8BD525029743D6100CF3629 /* SceneDelegate.swift in Sources */ = {isa = PBXBuildFile; fileRef = F8BD524F29743D6100CF3629 /* SceneDelegate.swift */; };
		F8BD525229743D6100CF3629 /* MainTabBarViewController.swift in Sources */ = {isa = PBXBuildFile; fileRef = F8BD525129743D6100CF3629 /* MainTabBarViewController.swift */; };
		F8BD525729743D6200CF3629 /* Assets.xcassets in Resources */ = {isa = PBXBuildFile; fileRef = F8BD525629743D6200CF3629 /* Assets.xcassets */; };
		F8BD525A29743D6200CF3629 /* LaunchScreen.storyboard in Resources */ = {isa = PBXBuildFile; fileRef = F8BD525829743D6200CF3629 /* LaunchScreen.storyboard */; };
		F8BD5263297446D600CF3629 /* HomeVC.swift in Sources */ = {isa = PBXBuildFile; fileRef = F8BD5262297446D600CF3629 /* HomeVC.swift */; };
		F8BD52652974471B00CF3629 /* UpcomingVC.swift in Sources */ = {isa = PBXBuildFile; fileRef = F8BD52642974471B00CF3629 /* UpcomingVC.swift */; };
		F8BD52672974475700CF3629 /* SearchVC.swift in Sources */ = {isa = PBXBuildFile; fileRef = F8BD52662974475700CF3629 /* SearchVC.swift */; };
		F8BD52692974477A00CF3629 /* DownloadsVC.swift in Sources */ = {isa = PBXBuildFile; fileRef = F8BD52682974477A00CF3629 /* DownloadsVC.swift */; };
		F8BD5270297451D700CF3629 /* CollectionViewTableViewCell.swift in Sources */ = {isa = PBXBuildFile; fileRef = F8BD526F297451D700CF3629 /* CollectionViewTableViewCell.swift */; };
		F8BD53752978693100CF3629 /* HeroHeaderUIView.swift in Sources */ = {isa = PBXBuildFile; fileRef = F8BD53742978693100CF3629 /* HeroHeaderUIView.swift */; };
/* End PBXBuildFile section */

/* Begin PBXFileReference section */
		F87E5C0F2982F3E7003C5B2A /* TitleViewModel.swift */ = {isa = PBXFileReference; lastKnownFileType = sourcecode.swift; path = TitleViewModel.swift; sourceTree = "<group>"; };
		F87E5C1129858ADA003C5B2A /* SearchResultsVC.swift */ = {isa = PBXFileReference; lastKnownFileType = sourcecode.swift; path = SearchResultsVC.swift; sourceTree = "<group>"; };
		F8B78853297D3B6C00040E00 /* APICaller.swift */ = {isa = PBXFileReference; lastKnownFileType = sourcecode.swift; path = APICaller.swift; sourceTree = "<group>"; };
		F8B78855297D490000040E00 /* Title.swift */ = {isa = PBXFileReference; lastKnownFileType = sourcecode.swift; path = Title.swift; sourceTree = "<group>"; };
		F8B78857297D530200040E00 /* Extensions.swift */ = {isa = PBXFileReference; lastKnownFileType = sourcecode.swift; path = Extensions.swift; sourceTree = "<group>"; };
		F8B7885B297DB52100040E00 /* TitleCollectionViewCell.swift */ = {isa = PBXFileReference; lastKnownFileType = sourcecode.swift; path = TitleCollectionViewCell.swift; sourceTree = "<group>"; };
		F8B788622981BF2900040E00 /* TitleTableViewCell.swift */ = {isa = PBXFileReference; lastKnownFileType = sourcecode.swift; path = TitleTableViewCell.swift; sourceTree = "<group>"; };
		F8BD524A29743D6100CF3629 /* NetflixClone.app */ = {isa = PBXFileReference; explicitFileType = wrapper.application; includeInIndex = 0; path = NetflixClone.app; sourceTree = BUILT_PRODUCTS_DIR; };
		F8BD524D29743D6100CF3629 /* AppDelegate.swift */ = {isa = PBXFileReference; lastKnownFileType = sourcecode.swift; path = AppDelegate.swift; sourceTree = "<group>"; };
		F8BD524F29743D6100CF3629 /* SceneDelegate.swift */ = {isa = PBXFileReference; lastKnownFileType = sourcecode.swift; path = SceneDelegate.swift; sourceTree = "<group>"; };
		F8BD525129743D6100CF3629 /* MainTabBarViewController.swift */ = {isa = PBXFileReference; lastKnownFileType = sourcecode.swift; path = MainTabBarViewController.swift; sourceTree = "<group>"; };
		F8BD525629743D6200CF3629 /* Assets.xcassets */ = {isa = PBXFileReference; lastKnownFileType = folder.assetcatalog; path = Assets.xcassets; sourceTree = "<group>"; };
		F8BD525929743D6200CF3629 /* Base */ = {isa = PBXFileReference; lastKnownFileType = file.storyboard; name = Base; path = Base.lproj/LaunchScreen.storyboard; sourceTree = "<group>"; };
		F8BD525B29743D6200CF3629 /* Info.plist */ = {isa = PBXFileReference; lastKnownFileType = text.plist.xml; path = Info.plist; sourceTree = "<group>"; };
		F8BD5262297446D600CF3629 /* HomeVC.swift */ = {isa = PBXFileReference; lastKnownFileType = sourcecode.swift; path = HomeVC.swift; sourceTree = "<group>"; };
		F8BD52642974471B00CF3629 /* UpcomingVC.swift */ = {isa = PBXFileReference; lastKnownFileType = sourcecode.swift; path = UpcomingVC.swift; sourceTree = "<group>"; };
		F8BD52662974475700CF3629 /* SearchVC.swift */ = {isa = PBXFileReference; lastKnownFileType = sourcecode.swift; path = SearchVC.swift; sourceTree = "<group>"; };
		F8BD52682974477A00CF3629 /* DownloadsVC.swift */ = {isa = PBXFileReference; lastKnownFileType = sourcecode.swift; path = DownloadsVC.swift; sourceTree = "<group>"; };
		F8BD526F297451D700CF3629 /* CollectionViewTableViewCell.swift */ = {isa = PBXFileReference; lastKnownFileType = sourcecode.swift; path = CollectionViewTableViewCell.swift; sourceTree = "<group>"; };
		F8BD53742978693100CF3629 /* HeroHeaderUIView.swift */ = {isa = PBXFileReference; lastKnownFileType = sourcecode.swift; path = HeroHeaderUIView.swift; sourceTree = "<group>"; };
/* End PBXFileReference section */

/* Begin PBXFrameworksBuildPhase section */
		F8BD524729743D6100CF3629 /* Frameworks */ = {
			isa = PBXFrameworksBuildPhase;
			buildActionMask = 2147483647;
			files = (
				F8B78861297DB65B00040E00 /* SDWebImageMapKit in Frameworks */,
				F8B7885F297DB65B00040E00 /* SDWebImage in Frameworks */,
			);
			runOnlyForDeploymentPostprocessing = 0;
		};
/* End PBXFrameworksBuildPhase section */

/* Begin PBXGroup section */
		F87E5C1329858B3A003C5B2A /* Core */ = {
			isa = PBXGroup;
			children = (
				F8BD5262297446D600CF3629 /* HomeVC.swift */,
				F8BD52642974471B00CF3629 /* UpcomingVC.swift */,
				F8BD52662974475700CF3629 /* SearchVC.swift */,
				F8BD52682974477A00CF3629 /* DownloadsVC.swift */,
				F8BD525129743D6100CF3629 /* MainTabBarViewController.swift */,
			);
			path = Core;
			sourceTree = "<group>";
		};
		F87E5C1429858B4C003C5B2A /* General */ = {
			isa = PBXGroup;
			children = (
				F87E5C1129858ADA003C5B2A /* SearchResultsVC.swift */,
			);
			path = General;
			sourceTree = "<group>";
		};
		F8BD524129743D6000CF3629 = {
			isa = PBXGroup;
			children = (
				F8BD524C29743D6100CF3629 /* NetflixClone */,
				F8BD524B29743D6100CF3629 /* Products */,
			);
			sourceTree = "<group>";
		};
		F8BD524B29743D6100CF3629 /* Products */ = {
			isa = PBXGroup;
			children = (
				F8BD524A29743D6100CF3629 /* NetflixClone.app */,
			);
			name = Products;
			sourceTree = "<group>";
		};
		F8BD524C29743D6100CF3629 /* NetflixClone */ = {
			isa = PBXGroup;
			children = (
				F8BD526E2974518200CF3629 /* Managers */,
				F8BD526D2974517300CF3629 /* Resources */,
				F8BD526C2974513900CF3629 /* Models */,
				F8BD526A2974512C00CF3629 /* Views */,
				F8BD526B2974513200CF3629 /* ViewModels */,
				F8BD5261297446AE00CF3629 /* Controllers */,
				F8BD524D29743D6100CF3629 /* AppDelegate.swift */,
				F8BD524F29743D6100CF3629 /* SceneDelegate.swift */,
				F8BD525629743D6200CF3629 /* Assets.xcassets */,
				F8BD525829743D6200CF3629 /* LaunchScreen.storyboard */,
				F8BD525B29743D6200CF3629 /* Info.plist */,
			);
			path = NetflixClone;
			sourceTree = "<group>";
		};
		F8BD5261297446AE00CF3629 /* Controllers */ = {
			isa = PBXGroup;
			children = (
				F87E5C1429858B4C003C5B2A /* General */,
				F87E5C1329858B3A003C5B2A /* Core */,
			);
			path = Controllers;
			sourceTree = "<group>";
		};
		F8BD526A2974512C00CF3629 /* Views */ = {
			isa = PBXGroup;
			children = (
				F8BD526F297451D700CF3629 /* CollectionViewTableViewCell.swift */,
				F8BD53742978693100CF3629 /* HeroHeaderUIView.swift */,
				F8B7885B297DB52100040E00 /* TitleCollectionViewCell.swift */,
				F8B788622981BF2900040E00 /* TitleTableViewCell.swift */,
			);
			path = Views;
			sourceTree = "<group>";
		};
		F8BD526B2974513200CF3629 /* ViewModels */ = {
			isa = PBXGroup;
			children = (
				F87E5C0F2982F3E7003C5B2A /* TitleViewModel.swift */,
			);
			path = ViewModels;
			sourceTree = "<group>";
		};
		F8BD526C2974513900CF3629 /* Models */ = {
			isa = PBXGroup;
			children = (
				F8B78855297D490000040E00 /* Title.swift */,
			);
			path = Models;
			sourceTree = "<group>";
		};
		F8BD526D2974517300CF3629 /* Resources */ = {
			isa = PBXGroup;
			children = (
				F8B78857297D530200040E00 /* Extensions.swift */,
			);
			path = Resources;
			sourceTree = "<group>";
		};
		F8BD526E2974518200CF3629 /* Managers */ = {
			isa = PBXGroup;
			children = (
				F8B78853297D3B6C00040E00 /* APICaller.swift */,
			);
			path = Managers;
			sourceTree = "<group>";
		};
/* End PBXGroup section */

/* Begin PBXNativeTarget section */
		F8BD524929743D6100CF3629 /* NetflixClone */ = {
			isa = PBXNativeTarget;
			buildConfigurationList = F8BD525E29743D6200CF3629 /* Build configuration list for PBXNativeTarget "NetflixClone" */;
			buildPhases = (
				F8BD524629743D6100CF3629 /* Sources */,
				F8BD524729743D6100CF3629 /* Frameworks */,
				F8BD524829743D6100CF3629 /* Resources */,
			);
			buildRules = (
			);
			dependencies = (
			);
			name = NetflixClone;
			packageProductDependencies = (
				F8B7885E297DB65B00040E00 /* SDWebImage */,
				F8B78860297DB65B00040E00 /* SDWebImageMapKit */,
			);
			productName = NetflixClone;
			productReference = F8BD524A29743D6100CF3629 /* NetflixClone.app */;
			productType = "com.apple.product-type.application";
		};
/* End PBXNativeTarget section */

/* Begin PBXProject section */
		F8BD524229743D6000CF3629 /* Project object */ = {
			isa = PBXProject;
			attributes = {
				BuildIndependentTargetsInParallel = 1;
				LastSwiftUpdateCheck = 1420;
				LastUpgradeCheck = 1420;
				TargetAttributes = {
					F8BD524929743D6100CF3629 = {
						CreatedOnToolsVersion = 14.2;
					};
				};
			};
			buildConfigurationList = F8BD524529743D6000CF3629 /* Build configuration list for PBXProject "NetflixClone" */;
			compatibilityVersion = "Xcode 14.0";
			developmentRegion = en;
			hasScannedForEncodings = 0;
			knownRegions = (
				en,
				Base,
			);
			mainGroup = F8BD524129743D6000CF3629;
			packageReferences = (
				F8B7885D297DB65B00040E00 /* XCRemoteSwiftPackageReference "SDWebImage" */,
			);
			productRefGroup = F8BD524B29743D6100CF3629 /* Products */;
			projectDirPath = "";
			projectRoot = "";
			targets = (
				F8BD524929743D6100CF3629 /* NetflixClone */,
			);
		};
/* End PBXProject section */

/* Begin PBXResourcesBuildPhase section */
		F8BD524829743D6100CF3629 /* Resources */ = {
			isa = PBXResourcesBuildPhase;
			buildActionMask = 2147483647;
			files = (
				F8BD525A29743D6200CF3629 /* LaunchScreen.storyboard in Resources */,
				F8BD525729743D6200CF3629 /* Assets.xcassets in Resources */,
			);
			runOnlyForDeploymentPostprocessing = 0;
		};
/* End PBXResourcesBuildPhase section */

/* Begin PBXSourcesBuildPhase section */
		F8BD524629743D6100CF3629 /* Sources */ = {
			isa = PBXSourcesBuildPhase;
			buildActionMask = 2147483647;
			files = (
				F8B788632981BF2900040E00 /* TitleTableViewCell.swift in Sources */,
				F87E5C1229858ADA003C5B2A /* SearchResultsVC.swift in Sources */,
				F8BD52672974475700CF3629 /* SearchVC.swift in Sources */,
				F8BD525229743D6100CF3629 /* MainTabBarViewController.swift in Sources */,
				F8BD5270297451D700CF3629 /* CollectionViewTableViewCell.swift in Sources */,
				F8BD53752978693100CF3629 /* HeroHeaderUIView.swift in Sources */,
				F8BD5263297446D600CF3629 /* HomeVC.swift in Sources */,
				F8BD524E29743D6100CF3629 /* AppDelegate.swift in Sources */,
				F8BD52692974477A00CF3629 /* DownloadsVC.swift in Sources */,
				F8B7885C297DB52100040E00 /* TitleCollectionViewCell.swift in Sources */,
				F8B78858297D530200040E00 /* Extensions.swift in Sources */,
				F8B78854297D3B6C00040E00 /* APICaller.swift in Sources */,
				F8BD52652974471B00CF3629 /* UpcomingVC.swift in Sources */,
				F8B78856297D490000040E00 /* Title.swift in Sources */,
				F8BD525029743D6100CF3629 /* SceneDelegate.swift in Sources */,
				F87E5C102982F3E7003C5B2A /* TitleViewModel.swift in Sources */,
			);
			runOnlyForDeploymentPostprocessing = 0;
		};
/* End PBXSourcesBuildPhase section */

/* Begin PBXVariantGroup section */
		F8BD525829743D6200CF3629 /* LaunchScreen.storyboard */ = {
			isa = PBXVariantGroup;
			children = (
				F8BD525929743D6200CF3629 /* Base */,
			);
			name = LaunchScreen.storyboard;
			sourceTree = "<group>";
		};
/* End PBXVariantGroup section */

/* Begin XCBuildConfiguration section */
		F8BD525C29743D6200CF3629 /* Debug */ = {
			isa = XCBuildConfiguration;
			buildSettings = {
				ALWAYS_SEARCH_USER_PATHS = NO;
				CLANG_ANALYZER_NONNULL = YES;
				CLANG_ANALYZER_NUMBER_OBJECT_CONVERSION = YES_AGGRESSIVE;
				CLANG_CXX_LANGUAGE_STANDARD = "gnu++20";
				CLANG_ENABLE_MODULES = YES;
				CLANG_ENABLE_OBJC_ARC = YES;
				CLANG_ENABLE_OBJC_WEAK = YES;
				CLANG_WARN_BLOCK_CAPTURE_AUTORELEASING = YES;
				CLANG_WARN_BOOL_CONVERSION = YES;
				CLANG_WARN_COMMA = YES;
				CLANG_WARN_CONSTANT_CONVERSION = YES;
				CLANG_WARN_DEPRECATED_OBJC_IMPLEMENTATIONS = YES;
				CLANG_WARN_DIRECT_OBJC_ISA_USAGE = YES_ERROR;
				CLANG_WARN_DOCUMENTATION_COMMENTS = YES;
				CLANG_WARN_EMPTY_BODY = YES;
				CLANG_WARN_ENUM_CONVERSION = YES;
				CLANG_WARN_INFINITE_RECURSION = YES;
				CLANG_WARN_INT_CONVERSION = YES;
				CLANG_WARN_NON_LITERAL_NULL_CONVERSION = YES;
				CLANG_WARN_OBJC_IMPLICIT_RETAIN_SELF = YES;
				CLANG_WARN_OBJC_LITERAL_CONVERSION = YES;
				CLANG_WARN_OBJC_ROOT_CLASS = YES_ERROR;
				CLANG_WARN_QUOTED_INCLUDE_IN_FRAMEWORK_HEADER = YES;
				CLANG_WARN_RANGE_LOOP_ANALYSIS = YES;
				CLANG_WARN_STRICT_PROTOTYPES = YES;
				CLANG_WARN_SUSPICIOUS_MOVE = YES;
				CLANG_WARN_UNGUARDED_AVAILABILITY = YES_AGGRESSIVE;
				CLANG_WARN_UNREACHABLE_CODE = YES;
				CLANG_WARN__DUPLICATE_METHOD_MATCH = YES;
				COPY_PHASE_STRIP = NO;
				DEBUG_INFORMATION_FORMAT = dwarf;
				ENABLE_STRICT_OBJC_MSGSEND = YES;
				ENABLE_TESTABILITY = YES;
				GCC_C_LANGUAGE_STANDARD = gnu11;
				GCC_DYNAMIC_NO_PIC = NO;
				GCC_NO_COMMON_BLOCKS = YES;
				GCC_OPTIMIZATION_LEVEL = 0;
				GCC_PREPROCESSOR_DEFINITIONS = (
					"DEBUG=1",
					"$(inherited)",
				);
				GCC_WARN_64_TO_32_BIT_CONVERSION = YES;
				GCC_WARN_ABOUT_RETURN_TYPE = YES_ERROR;
				GCC_WARN_UNDECLARED_SELECTOR = YES;
				GCC_WARN_UNINITIALIZED_AUTOS = YES_AGGRESSIVE;
				GCC_WARN_UNUSED_FUNCTION = YES;
				GCC_WARN_UNUSED_VARIABLE = YES;
				IPHONEOS_DEPLOYMENT_TARGET = 16.2;
				MTL_ENABLE_DEBUG_INFO = INCLUDE_SOURCE;
				MTL_FAST_MATH = YES;
				ONLY_ACTIVE_ARCH = YES;
				SDKROOT = iphoneos;
				SWIFT_ACTIVE_COMPILATION_CONDITIONS = DEBUG;
				SWIFT_OPTIMIZATION_LEVEL = "-Onone";
			};
			name = Debug;
		};
		F8BD525D29743D6200CF3629 /* Release */ = {
			isa = XCBuildConfiguration;
			buildSettings = {
				ALWAYS_SEARCH_USER_PATHS = NO;
				CLANG_ANALYZER_NONNULL = YES;
				CLANG_ANALYZER_NUMBER_OBJECT_CONVERSION = YES_AGGRESSIVE;
				CLANG_CXX_LANGUAGE_STANDARD = "gnu++20";
				CLANG_ENABLE_MODULES = YES;
				CLANG_ENABLE_OBJC_ARC = YES;
				CLANG_ENABLE_OBJC_WEAK = YES;
				CLANG_WARN_BLOCK_CAPTURE_AUTORELEASING = YES;
				CLANG_WARN_BOOL_CONVERSION = YES;
				CLANG_WARN_COMMA = YES;
				CLANG_WARN_CONSTANT_CONVERSION = YES;
				CLANG_WARN_DEPRECATED_OBJC_IMPLEMENTATIONS = YES;
				CLANG_WARN_DIRECT_OBJC_ISA_USAGE = YES_ERROR;
				CLANG_WARN_DOCUMENTATION_COMMENTS = YES;
				CLANG_WARN_EMPTY_BODY = YES;
				CLANG_WARN_ENUM_CONVERSION = YES;
				CLANG_WARN_INFINITE_RECURSION = YES;
				CLANG_WARN_INT_CONVERSION = YES;
				CLANG_WARN_NON_LITERAL_NULL_CONVERSION = YES;
				CLANG_WARN_OBJC_IMPLICIT_RETAIN_SELF = YES;
				CLANG_WARN_OBJC_LITERAL_CONVERSION = YES;
				CLANG_WARN_OBJC_ROOT_CLASS = YES_ERROR;
				CLANG_WARN_QUOTED_INCLUDE_IN_FRAMEWORK_HEADER = YES;
				CLANG_WARN_RANGE_LOOP_ANALYSIS = YES;
				CLANG_WARN_STRICT_PROTOTYPES = YES;
				CLANG_WARN_SUSPICIOUS_MOVE = YES;
				CLANG_WARN_UNGUARDED_AVAILABILITY = YES_AGGRESSIVE;
				CLANG_WARN_UNREACHABLE_CODE = YES;
				CLANG_WARN__DUPLICATE_METHOD_MATCH = YES;
				COPY_PHASE_STRIP = NO;
				DEBUG_INFORMATION_FORMAT = "dwarf-with-dsym";
				ENABLE_NS_ASSERTIONS = NO;
				ENABLE_STRICT_OBJC_MSGSEND = YES;
				GCC_C_LANGUAGE_STANDARD = gnu11;
				GCC_NO_COMMON_BLOCKS = YES;
				GCC_WARN_64_TO_32_BIT_CONVERSION = YES;
				GCC_WARN_ABOUT_RETURN_TYPE = YES_ERROR;
				GCC_WARN_UNDECLARED_SELECTOR = YES;
				GCC_WARN_UNINITIALIZED_AUTOS = YES_AGGRESSIVE;
				GCC_WARN_UNUSED_FUNCTION = YES;
				GCC_WARN_UNUSED_VARIABLE = YES;
				IPHONEOS_DEPLOYMENT_TARGET = 16.2;
				MTL_ENABLE_DEBUG_INFO = NO;
				MTL_FAST_MATH = YES;
				SDKROOT = iphoneos;
				SWIFT_COMPILATION_MODE = wholemodule;
				SWIFT_OPTIMIZATION_LEVEL = "-O";
				VALIDATE_PRODUCT = YES;
			};
			name = Release;
		};
		F8BD525F29743D6200CF3629 /* Debug */ = {
			isa = XCBuildConfiguration;
			buildSettings = {
				ASSETCATALOG_COMPILER_APPICON_NAME = AppIcon;
				ASSETCATALOG_COMPILER_GLOBAL_ACCENT_COLOR_NAME = AccentColor;
				CODE_SIGN_STYLE = Automatic;
				CURRENT_PROJECT_VERSION = 1;
				DEVELOPMENT_TEAM = YJ7V6XM9BJ;
				GENERATE_INFOPLIST_FILE = YES;
				INFOPLIST_FILE = NetflixClone/Info.plist;
				INFOPLIST_KEY_UIApplicationSupportsIndirectInputEvents = YES;
				INFOPLIST_KEY_UILaunchStoryboardName = LaunchScreen;
				INFOPLIST_KEY_UISupportedInterfaceOrientations_iPad = "UIInterfaceOrientationPortrait UIInterfaceOrientationPortraitUpsideDown UIInterfaceOrientationLandscapeLeft UIInterfaceOrientationLandscapeRight";
				INFOPLIST_KEY_UISupportedInterfaceOrientations_iPhone = "UIInterfaceOrientationPortrait UIInterfaceOrientationLandscapeLeft UIInterfaceOrientationLandscapeRight";
				LD_RUNPATH_SEARCH_PATHS = (
					"$(inherited)",
					"@executable_path/Frameworks",
				);
				MARKETING_VERSION = 1.0;
				PRODUCT_BUNDLE_IDENTIFIER = com.haliskayar.NetflixClone;
				PRODUCT_NAME = "$(TARGET_NAME)";
				SWIFT_EMIT_LOC_STRINGS = YES;
				SWIFT_VERSION = 5.0;
				TARGETED_DEVICE_FAMILY = "1,2";
			};
			name = Debug;
		};
		F8BD526029743D6200CF3629 /* Release */ = {
			isa = XCBuildConfiguration;
			buildSettings = {
				ASSETCATALOG_COMPILER_APPICON_NAME = AppIcon;
				ASSETCATALOG_COMPILER_GLOBAL_ACCENT_COLOR_NAME = AccentColor;
				CODE_SIGN_STYLE = Automatic;
				CURRENT_PROJECT_VERSION = 1;
				DEVELOPMENT_TEAM = YJ7V6XM9BJ;
				GENERATE_INFOPLIST_FILE = YES;
				INFOPLIST_FILE = NetflixClone/Info.plist;
				INFOPLIST_KEY_UIApplicationSupportsIndirectInputEvents = YES;
				INFOPLIST_KEY_UILaunchStoryboardName = LaunchScreen;
				INFOPLIST_KEY_UISupportedInterfaceOrientations_iPad = "UIInterfaceOrientationPortrait UIInterfaceOrientationPortraitUpsideDown UIInterfaceOrientationLandscapeLeft UIInterfaceOrientationLandscapeRight";
				INFOPLIST_KEY_UISupportedInterfaceOrientations_iPhone = "UIInterfaceOrientationPortrait UIInterfaceOrientationLandscapeLeft UIInterfaceOrientationLandscapeRight";
				LD_RUNPATH_SEARCH_PATHS = (
					"$(inherited)",
					"@executable_path/Frameworks",
				);
				MARKETING_VERSION = 1.0;
				PRODUCT_BUNDLE_IDENTIFIER = com.haliskayar.NetflixClone;
				PRODUCT_NAME = "$(TARGET_NAME)";
				SWIFT_EMIT_LOC_STRINGS = YES;
				SWIFT_VERSION = 5.0;
				TARGETED_DEVICE_FAMILY = "1,2";
			};
			name = Release;
		};
/* End XCBuildConfiguration section */

/* Begin XCConfigurationList section */
		F8BD524529743D6000CF3629 /* Build configuration list for PBXProject "NetflixClone" */ = {
			isa = XCConfigurationList;
			buildConfigurations = (
				F8BD525C29743D6200CF3629 /* Debug */,
				F8BD525D29743D6200CF3629 /* Release */,
			);
			defaultConfigurationIsVisible = 0;
			defaultConfigurationName = Release;
		};
		F8BD525E29743D6200CF3629 /* Build configuration list for PBXNativeTarget "NetflixClone" */ = {
			isa = XCConfigurationList;
			buildConfigurations = (
				F8BD525F29743D6200CF3629 /* Debug */,
				F8BD526029743D6200CF3629 /* Release */,
			);
			defaultConfigurationIsVisible = 0;
			defaultConfigurationName = Release;
		};
/* End XCConfigurationList section */

/* Begin XCRemoteSwiftPackageReference section */
		F8B7885D297DB65B00040E00 /* XCRemoteSwiftPackageReference "SDWebImage" */ = {
			isa = XCRemoteSwiftPackageReference;
			repositoryURL = "https://github.com/SDWebImage/SDWebImage.git";
			requirement = {
				branch = master;
				kind = branch;
			};
		};
/* End XCRemoteSwiftPackageReference section */

/* Begin XCSwiftPackageProductDependency section */
		F8B7885E297DB65B00040E00 /* SDWebImage */ = {
			isa = XCSwiftPackageProductDependency;
			package = F8B7885D297DB65B00040E00 /* XCRemoteSwiftPackageReference "SDWebImage" */;
			productName = SDWebImage;
		};
		F8B78860297DB65B00040E00 /* SDWebImageMapKit */ = {
			isa = XCSwiftPackageProductDependency;
			package = F8B7885D297DB65B00040E00 /* XCRemoteSwiftPackageReference "SDWebImage" */;
			productName = SDWebImageMapKit;
		};
/* End XCSwiftPackageProductDependency section */
	};
	rootObject = F8BD524229743D6000CF3629 /* Project object */;
}
